{
  "name": "el-leaflet",
  "version": "1.0.0",
  "lockfileVersion": 1,
  "requires": true,
  "dependencies": {
    "@types/geojson": {
      "version": "1.0.6",
      "resolved": "https://registry.npmjs.org/@types/geojson/-/geojson-1.0.6.tgz",
      "integrity": "sha512-Xqg/lIZMrUd0VRmSRbCAewtwGZiAk3mEUDvV4op1tGl+LvyPcb/MIOSxTl9z+9+J+R4/vpjiCAT4xeKzH9ji1w==",
      "dev": true
    },
    "@types/leaflet": {
      "version": "1.2.1",
      "resolved": "https://registry.npmjs.org/@types/leaflet/-/leaflet-1.2.1.tgz",
      "integrity": "sha512-x1v8dE07wD6CSK0nop0zQdbz0HA0AREP9F+zSM1WBDQ9HgaL08/vUSdWOVF3iFc8bfIzlr43scAmoIMVqv1OUw==",
      "dev": true,
      "requires": {
        "@types/geojson": "1.0.6"
      }
    }
  }
}
